
Microsoft Visual Studio Solution File, Format Version 12.00
# Visual Studio Version 16
VisualStudioVersion = 16.0.30503.244
MinimumVisualStudioVersion = 10.0.40219.1
Project("{FAE04EC0-301F-11D3-BF4B-00C04F79EFBC}") = "Lotto", "Lotto\Lotto.csproj", "{C86AA85D-584A-48B3-82EF-41D14F65C993}"
EndProject
Project("{FAE04EC0-301F-11D3-BF4B-00C04F79EFBC}") = "LotteryFormsApp", "LotteryFormsApp\LotteryFormsApp.csproj", "{BB31FF2E-3B9D-4C8D-80D6-8648AB9DBC7E}"
EndProject
Global
	GlobalSection(SolutionConfigurationPlatforms) = preSolution
		Debug|Any CPU = Debug|Any CPU
		Release|Any CPU = Release|Any CPU
	EndGlobalSection
	GlobalSection(ProjectConfigurationPlatforms) = postSolution
		{C86AA85D-584A-48B3-82EF-41D14F65C993}.Debug|Any CPU.ActiveCfg = Debug|Any CPU
		{C86AA85D-584A-48B3-82EF-41D14F65C993}.Debug|Any CPU.Build.0 = Debug|Any CPU
		{C86AA85D-584A-48B3-82EF-41D14F65C993}.Release|Any CPU.ActiveCfg = Release|Any CPU
		{C86AA85D-584A-48B3-82EF-41D14F65C993}.Release|Any CPU.Build.0 = Release|Any CPU
		{BB31FF2E-3B9D-4C8D-80D6-8648AB9DBC7E}.Debug|Any CPU.ActiveCfg = Debug|Any CPU
		{BB31FF2E-3B9D-4C8D-80D6-8648AB9DBC7E}.Debug|Any CPU.Build.0 = Debug|Any CPU
		{BB31FF2E-3B9D-4C8D-80D6-8648AB9DBC7E}.Release|Any CPU.ActiveCfg = Release|Any CPU
		{BB31FF2E-3B9D-4C8D-80D6-8648AB9DBC7E}.Release|Any CPU.Build.0 = Release|Any CPU
	EndGlobalSection
	GlobalSection(SolutionProperties) = preSolution
		HideSolutionNode = FALSE
	EndGlobalSection
	GlobalSection(ExtensibilityGlobals) = postSolution
		SolutionGuid = {CDD7D2C6-2B30-4E5C-92D7-C43CC091440D}
	EndGlobalSection
EndGlobal
